// !$*UTF8*$!
{
	archiveVersion = 1;
	classes = {
	};
	objectVersion = 46;
	objects = {

/* Begin PBXBuildFile section */
		4403D4E01B61BF5C006000B8 /* YLImageEditorVC.m in Sources */ = {isa = PBXBuildFile; fileRef = 4403D4DD1B61BF5C006000B8 /* YLImageEditorVC.m */; };
		4403D4E11B61BF5C006000B8 /* YLImagePickerController.m in Sources */ = {isa = PBXBuildFile; fileRef = 4403D4DF1B61BF5C006000B8 /* YLImagePickerController.m */; };
		44091E631B5C8A83008BB282 /* UILabel+Attribute.m in Sources */ = {isa = PBXBuildFile; fileRef = 44091E621B5C8A83008BB282 /* UILabel+Attribute.m */; };
		44091E651B5C8FBF008BB282 /* CoreTelephony.framework in Frameworks */ = {isa = PBXBuildFile; fileRef = 44091E641B5C8FBF008BB282 /* CoreTelephony.framework */; };
		441382701B57FAD300DFB0BC /* TKSideMenuView.m in Sources */ = {isa = PBXBuildFile; fileRef = 4413826F1B57FAD300DFB0BC /* TKSideMenuView.m */; };
		441382731B57FC2F00DFB0BC /* TKBaseViewController.m in Sources */ = {isa = PBXBuildFile; fileRef = 441382721B57FC2F00DFB0BC /* TKBaseViewController.m */; };
		441382771B58042D00DFB0BC /* TKMenuCell.m in Sources */ = {isa = PBXBuildFile; fileRef = 441382761B58042D00DFB0BC /* TKMenuCell.m */; };
		4414D88C1B6913F100363447 /* TKAddNewVC.m in Sources */ = {isa = PBXBuildFile; fileRef = 4414D88B1B6913F100363447 /* TKAddNewVC.m */; };
		4414D8921B6919D600363447 /* PhoneContact.m in Sources */ = {isa = PBXBuildFile; fileRef = 4414D88F1B6919D600363447 /* PhoneContact.m */; };
		4414D8931B6919D600363447 /* YMLPhoneContactPerson.m in Sources */ = {isa = PBXBuildFile; fileRef = 4414D8911B6919D600363447 /* YMLPhoneContactPerson.m */; };
		4414D8951B6919E700363447 /* AddressBook.framework in Frameworks */ = {isa = PBXBuildFile; fileRef = 4414D8941B6919E700363447 /* AddressBook.framework */; };
		442A943C1B5FD92B00C07A4F /* TKPassCodeField.m in Sources */ = {isa = PBXBuildFile; fileRef = 442A943B1B5FD92B00C07A4F /* TKPassCodeField.m */; };
		442A943F1B5FDACE00C07A4F /* TKPassCodeView.m in Sources */ = {isa = PBXBuildFile; fileRef = 442A943E1B5FDACE00C07A4F /* TKPassCodeView.m */; };
		44384B0C1B572A8600C8E35A /* TKCircularView.m in Sources */ = {isa = PBXBuildFile; fileRef = 44384B0B1B572A8600C8E35A /* TKCircularView.m */; };
		443EA0071B594E2800A685CE /* TKMeViewController.m in Sources */ = {isa = PBXBuildFile; fileRef = 443EA0061B594E2800A685CE /* TKMeViewController.m */; };
		443EA00D1B595BA600A685CE /* TKPageController.m in Sources */ = {isa = PBXBuildFile; fileRef = 443EA00C1B595BA600A685CE /* TKPageController.m */; };
		443EA0161B596AB400A685CE /* TKDashboardView.m in Sources */ = {isa = PBXBuildFile; fileRef = 443EA0151B596AB400A685CE /* TKDashboardView.m */; };
		4441FA681B5688D100A7B7F9 /* TouchKin.storyboard in Resources */ = {isa = PBXBuildFile; fileRef = 4441FA671B5688D100A7B7F9 /* TouchKin.storyboard */; };
		4441FA9D1B568A0300A7B7F9 /* TKIntroVC.m in Sources */ = {isa = PBXBuildFile; fileRef = 4441FA9C1B568A0300A7B7F9 /* TKIntroVC.m */; };
		4441FAA01B568AF000A7B7F9 /* TKRootViewController.m in Sources */ = {isa = PBXBuildFile; fileRef = 4441FA9F1B568AF000A7B7F9 /* TKRootViewController.m */; };
		4441FAA41B56937000A7B7F9 /* UIColor+Navigation.m in Sources */ = {isa = PBXBuildFile; fileRef = 4441FAA31B56937000A7B7F9 /* UIColor+Navigation.m */; };
		4441FAA81B5694EB00A7B7F9 /* TKNavigationView.m in Sources */ = {isa = PBXBuildFile; fileRef = 4441FAA71B5694EB00A7B7F9 /* TKNavigationView.m */; };
		4441FAAB1B56AB3300A7B7F9 /* TKRegisterVC.m in Sources */ = {isa = PBXBuildFile; fileRef = 4441FAAA1B56AB3300A7B7F9 /* TKRegisterVC.m */; };
		4451755A1B55DD2D00EDEF97 /* main.m in Sources */ = {isa = PBXBuildFile; fileRef = 445175591B55DD2D00EDEF97 /* main.m */; };
		4451755D1B55DD2D00EDEF97 /* AppDelegate.m in Sources */ = {isa = PBXBuildFile; fileRef = 4451755C1B55DD2D00EDEF97 /* AppDelegate.m */; };
		445175651B55DD2D00EDEF97 /* Images.xcassets in Resources */ = {isa = PBXBuildFile; fileRef = 445175641B55DD2D00EDEF97 /* Images.xcassets */; };
		445175681B55DD2D00EDEF97 /* LaunchScreen.xib in Resources */ = {isa = PBXBuildFile; fileRef = 445175661B55DD2D00EDEF97 /* LaunchScreen.xib */; };
		445175741B55DD2E00EDEF97 /* TouchKinTests.m in Sources */ = {isa = PBXBuildFile; fileRef = 445175731B55DD2E00EDEF97 /* TouchKinTests.m */; };
		445175811B55DDCE00EDEF97 /* TKLoginVC.m in Sources */ = {isa = PBXBuildFile; fileRef = 4451757F1B55DDCE00EDEF97 /* TKLoginVC.m */; };
		445175861B55E74100EDEF97 /* MLClient.m in Sources */ = {isa = PBXBuildFile; fileRef = 445175851B55E74100EDEF97 /* MLClient.m */; };
		445175891B55E7D900EDEF97 /* MLNetworkModel.m in Sources */ = {isa = PBXBuildFile; fileRef = 445175881B55E7D900EDEF97 /* MLNetworkModel.m */; };
		445B02581B5E7E7A004696B3 /* TKDataEngine.m in Sources */ = {isa = PBXBuildFile; fileRef = 445B02571B5E7E7A004696B3 /* TKDataEngine.m */; };
		445B025C1B5E7F0F004696B3 /* Country.m in Sources */ = {isa = PBXBuildFile; fileRef = 445B025B1B5E7F0F004696B3 /* Country.m */; };
		445B025E1B5E7F7F004696B3 /* countries.json in Resources */ = {isa = PBXBuildFile; fileRef = 445B025D1B5E7F7F004696B3 /* countries.json */; };
		445B02641B5E8198004696B3 /* TKCountryVC.m in Sources */ = {isa = PBXBuildFile; fileRef = 445B02631B5E8198004696B3 /* TKCountryVC.m */; };
		44675E901B6A92A9003B0F9F /* TKSplitView.m in Sources */ = {isa = PBXBuildFile; fileRef = 44675E8F1B6A92A9003B0F9F /* TKSplitView.m */; };
		44675E921B6A92CE003B0F9F /* TKGradientCircularView.m in Sources */ = {isa = PBXBuildFile; fileRef = 44675E911B6A92CE003B0F9F /* TKGradientCircularView.m */; };
		44724D6F1B65128400B56851 /* RGCardViewLayout.m in Sources */ = {isa = PBXBuildFile; fileRef = 44724D6E1B65128400B56851 /* RGCardViewLayout.m */; };
		44724D721B6512B100B56851 /* TKKinBookCollectionCell.m in Sources */ = {isa = PBXBuildFile; fileRef = 44724D711B6512B100B56851 /* TKKinBookCollectionCell.m */; };
		447F83D21B67CCD7006B2839 /* TKNetworkManager.m in Sources */ = {isa = PBXBuildFile; fileRef = 447F83D11B67CCD7006B2839 /* TKNetworkManager.m */; };
		447F83D51B67D212006B2839 /* TKProfileVC.m in Sources */ = {isa = PBXBuildFile; fileRef = 447F83D41B67D212006B2839 /* TKProfileVC.m */; };
		448E3B791B6675C500666602 /* PSLocationManager.m in Sources */ = {isa = PBXBuildFile; fileRef = 448E3B781B6675C500666602 /* PSLocationManager.m */; };
		448FE9D81B6AF38E004397FB /* TKContactVC.m in Sources */ = {isa = PBXBuildFile; fileRef = 448FE9D71B6AF38E004397FB /* TKContactVC.m */; };
		448FE9DB1B6AF642004397FB /* TKContactCell.m in Sources */ = {isa = PBXBuildFile; fileRef = 448FE9DA1B6AF642004397FB /* TKContactCell.m */; };
		4490136A1B5A4D01007B312C /* TKMyFamilyCollectionCell.m in Sources */ = {isa = PBXBuildFile; fileRef = 449013691B5A4D01007B312C /* TKMyFamilyCollectionCell.m */; };
		4490136D1B5A4D23007B312C /* TKMyFamilyRequestCell.m in Sources */ = {isa = PBXBuildFile; fileRef = 4490136C1B5A4D23007B312C /* TKMyFamilyRequestCell.m */; };
		449013701B5A4F9D007B312C /* TKMyFamilyVC.m in Sources */ = {isa = PBXBuildFile; fileRef = 4490136F1B5A4F9D007B312C /* TKMyFamilyVC.m */; };
		44A58A021B627C98001742D8 /* MyConnection.m in Sources */ = {isa = PBXBuildFile; fileRef = 44A58A011B627C98001742D8 /* MyConnection.m */; };
		44A58A051B627EB9001742D8 /* MyHomeLocation.m in Sources */ = {isa = PBXBuildFile; fileRef = 44A58A041B627EB9001742D8 /* MyHomeLocation.m */; };
		44A58A081B62839D001742D8 /* MyCircle.m in Sources */ = {isa = PBXBuildFile; fileRef = 44A58A071B62839D001742D8 /* MyCircle.m */; };
		44A58A0B1B628900001742D8 /* OthersCircle.m in Sources */ = {isa = PBXBuildFile; fileRef = 44A58A0A1B628900001742D8 /* OthersCircle.m */; };
		44A58A2E1B628E6F001742D8 /* MKAnnotationView+WebCache.m in Sources */ = {isa = PBXBuildFile; fileRef = 44A58A0E1B628E6E001742D8 /* MKAnnotationView+WebCache.m */; };
		44A58A2F1B628E6F001742D8 /* NSData+ImageContentType.m in Sources */ = {isa = PBXBuildFile; fileRef = 44A58A101B628E6E001742D8 /* NSData+ImageContentType.m */; };
		44A58A301B628E6F001742D8 /* SDImageCache.m in Sources */ = {isa = PBXBuildFile; fileRef = 44A58A121B628E6E001742D8 /* SDImageCache.m */; };
		44A58A311B628E6F001742D8 /* SDWebImageCompat.m in Sources */ = {isa = PBXBuildFile; fileRef = 44A58A141B628E6E001742D8 /* SDWebImageCompat.m */; };
		44A58A321B628E6F001742D8 /* SDWebImageDecoder.m in Sources */ = {isa = PBXBuildFile; fileRef = 44A58A161B628E6F001742D8 /* SDWebImageDecoder.m */; };
		44A58A331B628E6F001742D8 /* SDWebImageDownloader.m in Sources */ = {isa = PBXBuildFile; fileRef = 44A58A181B628E6F001742D8 /* SDWebImageDownloader.m */; };
		44A58A341B628E6F001742D8 /* SDWebImageDownloaderOperation.m in Sources */ = {isa = PBXBuildFile; fileRef = 44A58A1A1B628E6F001742D8 /* SDWebImageDownloaderOperation.m */; };
		44A58A351B628E6F001742D8 /* SDWebImageManager.m in Sources */ = {isa = PBXBuildFile; fileRef = 44A58A1C1B628E6F001742D8 /* SDWebImageManager.m */; };
		44A58A361B628E6F001742D8 /* SDWebImagePrefetcher.m in Sources */ = {isa = PBXBuildFile; fileRef = 44A58A1F1B628E6F001742D8 /* SDWebImagePrefetcher.m */; };
		44A58A371B628E6F001742D8 /* UIButton+WebCache.m in Sources */ = {isa = PBXBuildFile; fileRef = 44A58A211B628E6F001742D8 /* UIButton+WebCache.m */; };
		44A58A381B628E6F001742D8 /* UIImage+GIF.m in Sources */ = {isa = PBXBuildFile; fileRef = 44A58A231B628E6F001742D8 /* UIImage+GIF.m */; };
		44A58A391B628E6F001742D8 /* UIImage+MultiFormat.m in Sources */ = {isa = PBXBuildFile; fileRef = 44A58A251B628E6F001742D8 /* UIImage+MultiFormat.m */; };
		44A58A3A1B628E6F001742D8 /* UIImage+WebP.m in Sources */ = {isa = PBXBuildFile; fileRef = 44A58A271B628E6F001742D8 /* UIImage+WebP.m */; };
		44A58A3B1B628E6F001742D8 /* UIImageView+HighlightedWebCache.m in Sources */ = {isa = PBXBuildFile; fileRef = 44A58A291B628E6F001742D8 /* UIImageView+HighlightedWebCache.m */; };
		44A58A3C1B628E6F001742D8 /* UIImageView+WebCache.m in Sources */ = {isa = PBXBuildFile; fileRef = 44A58A2B1B628E6F001742D8 /* UIImageView+WebCache.m */; };
		44A58A3D1B628E6F001742D8 /* UIWebView+WebCache.m in Sources */ = {isa = PBXBuildFile; fileRef = 44A58A2D1B628E6F001742D8 /* UIWebView+WebCache.m */; };
		44A925171B64C71F002D2A11 /* MapKit.framework in Frameworks */ = {isa = PBXBuildFile; fileRef = 44A925161B64C71F002D2A11 /* MapKit.framework */; };
		44A925191B64C903002D2A11 /* CoreLocation.framework in Frameworks */ = {isa = PBXBuildFile; fileRef = 44A925181B64C903002D2A11 /* CoreLocation.framework */; };
		44A9251C1B64D843002D2A11 /* MapViewController.m in Sources */ = {isa = PBXBuildFile; fileRef = 44A9251B1B64D843002D2A11 /* MapViewController.m */; };
		44C9DB081B588ABA00714340 /* TKHomeBaseController.m in Sources */ = {isa = PBXBuildFile; fileRef = 44C9DB071B588ABA00714340 /* TKHomeBaseController.m */; };
		44C9DB0B1B588B3300714340 /* TKHomeBaseNavigationView.m in Sources */ = {isa = PBXBuildFile; fileRef = 44C9DB0A1B588B3300714340 /* TKHomeBaseNavigationView.m */; };
		44C9DB0D1B588B4E00714340 /* TKHomeBaseNavigationView.xib in Resources */ = {isa = PBXBuildFile; fileRef = 44C9DB0C1B588B4E00714340 /* TKHomeBaseNavigationView.xib */; };
		44C9DB101B588E8400714340 /* TKHeaderTitleView.m in Sources */ = {isa = PBXBuildFile; fileRef = 44C9DB0F1B588E8400714340 /* TKHeaderTitleView.m */; };
		44C9DB131B5892A200714340 /* TKKinBookVC.m in Sources */ = {isa = PBXBuildFile; fileRef = 44C9DB121B5892A200714340 /* TKKinBookVC.m */; };
		44EA49981B59D5FE0027C368 /* SystemConfiguration.framework in Frameworks */ = {isa = PBXBuildFile; fileRef = 44EA49971B59D5FE0027C368 /* SystemConfiguration.framework */; };
		44EA499A1B59D6C70027C368 /* Foundation.framework in Frameworks */ = {isa = PBXBuildFile; fileRef = 44EA49991B59D6C70027C368 /* Foundation.framework */; };
		44EA499D1B59D7420027C368 /* Reachability.m in Sources */ = {isa = PBXBuildFile; fileRef = 44EA499C1B59D7420027C368 /* Reachability.m */; };
		44EA49A41B59F0E50027C368 /* TKMyConnectionCell.m in Sources */ = {isa = PBXBuildFile; fileRef = 44EA49A21B59F0E50027C368 /* TKMyConnectionCell.m */; };
		44EA49A51B59F0E50027C368 /* TKMyConnectionCell.xib in Resources */ = {isa = PBXBuildFile; fileRef = 44EA49A31B59F0E50027C368 /* TKMyConnectionCell.xib */; };
/* End PBXBuildFile section */

/* Begin PBXContainerItemProxy section */
		4451756E1B55DD2E00EDEF97 /* PBXContainerItemProxy */ = {
			isa = PBXContainerItemProxy;
			containerPortal = 4451754C1B55DD2D00EDEF97 /* Project object */;
			proxyType = 1;
			remoteGlobalIDString = 445175531B55DD2D00EDEF97;
			remoteInfo = TouchKin;
		};
/* End PBXContainerItemProxy section */

/* Begin PBXFileReference section */
		4403D4DC1B61BF5C006000B8 /* YLImageEditorVC.h */ = {isa = PBXFileReference; fileEncoding = 4; lastKnownFileType = sourcecode.c.h; path = YLImageEditorVC.h; sourceTree = "<group>"; };
		4403D4DD1B61BF5C006000B8 /* YLImageEditorVC.m */ = {isa = PBXFileReference; fileEncoding = 4; lastKnownFileType = sourcecode.c.objc; path = YLImageEditorVC.m; sourceTree = "<group>"; };
		4403D4DE1B61BF5C006000B8 /* YLImagePickerController.h */ = {isa = PBXFileReference; fileEncoding = 4; lastKnownFileType = sourcecode.c.h; path = YLImagePickerController.h; sourceTree = "<group>"; };
		4403D4DF1B61BF5C006000B8 /* YLImagePickerController.m */ = {isa = PBXFileReference; fileEncoding = 4; lastKnownFileType = sourcecode.c.objc; path = YLImagePickerController.m; sourceTree = "<group>"; };
		44091E611B5C8A83008BB282 /* UILabel+Attribute.h */ = {isa = PBXFileReference; fileEncoding = 4; lastKnownFileType = sourcecode.c.h; path = "UILabel+Attribute.h"; sourceTree = "<group>"; };
		44091E621B5C8A83008BB282 /* UILabel+Attribute.m */ = {isa = PBXFileReference; fileEncoding = 4; lastKnownFileType = sourcecode.c.objc; path = "UILabel+Attribute.m"; sourceTree = "<group>"; };
		44091E641B5C8FBF008BB282 /* CoreTelephony.framework */ = {isa = PBXFileReference; lastKnownFileType = wrapper.framework; name = CoreTelephony.framework; path = System/Library/Frameworks/CoreTelephony.framework; sourceTree = SDKROOT; };
		4413826E1B57FAD300DFB0BC /* TKSideMenuView.h */ = {isa = PBXFileReference; fileEncoding = 4; lastKnownFileType = sourcecode.c.h; path = TKSideMenuView.h; sourceTree = "<group>"; };
		4413826F1B57FAD300DFB0BC /* TKSideMenuView.m */ = {isa = PBXFileReference; fileEncoding = 4; lastKnownFileType = sourcecode.c.objc; path = TKSideMenuView.m; sourceTree = "<group>"; };
		441382711B57FC2F00DFB0BC /* TKBaseViewController.h */ = {isa = PBXFileReference; fileEncoding = 4; lastKnownFileType = sourcecode.c.h; path = TKBaseViewController.h; sourceTree = "<group>"; };
		441382721B57FC2F00DFB0BC /* TKBaseViewController.m */ = {isa = PBXFileReference; fileEncoding = 4; lastKnownFileType = sourcecode.c.objc; path = TKBaseViewController.m; sourceTree = "<group>"; };
		441382751B58042D00DFB0BC /* TKMenuCell.h */ = {isa = PBXFileReference; fileEncoding = 4; lastKnownFileType = sourcecode.c.h; path = TKMenuCell.h; sourceTree = "<group>"; };
		441382761B58042D00DFB0BC /* TKMenuCell.m */ = {isa = PBXFileReference; fileEncoding = 4; lastKnownFileType = sourcecode.c.objc; path = TKMenuCell.m; sourceTree = "<group>"; };
		4414D88A1B6913F100363447 /* TKAddNewVC.h */ = {isa = PBXFileReference; fileEncoding = 4; lastKnownFileType = sourcecode.c.h; path = TKAddNewVC.h; sourceTree = "<group>"; };
		4414D88B1B6913F100363447 /* TKAddNewVC.m */ = {isa = PBXFileReference; fileEncoding = 4; lastKnownFileType = sourcecode.c.objc; path = TKAddNewVC.m; sourceTree = "<group>"; };
		4414D88E1B6919D600363447 /* PhoneContact.h */ = {isa = PBXFileReference; fileEncoding = 4; lastKnownFileType = sourcecode.c.h; path = PhoneContact.h; sourceTree = "<group>"; };
		4414D88F1B6919D600363447 /* PhoneContact.m */ = {isa = PBXFileReference; fileEncoding = 4; lastKnownFileType = sourcecode.c.objc; path = PhoneContact.m; sourceTree = "<group>"; };
		4414D8901B6919D600363447 /* YMLPhoneContactPerson.h */ = {isa = PBXFileReference; fileEncoding = 4; lastKnownFileType = sourcecode.c.h; path = YMLPhoneContactPerson.h; sourceTree = "<group>"; };
		4414D8911B6919D600363447 /* YMLPhoneContactPerson.m */ = {isa = PBXFileReference; fileEncoding = 4; lastKnownFileType = sourcecode.c.objc; path = YMLPhoneContactPerson.m; sourceTree = "<group>"; };
		4414D8941B6919E700363447 /* AddressBook.framework */ = {isa = PBXFileReference; lastKnownFileType = wrapper.framework; name = AddressBook.framework; path = System/Library/Frameworks/AddressBook.framework; sourceTree = SDKROOT; };
		442A943A1B5FD92B00C07A4F /* TKPassCodeField.h */ = {isa = PBXFileReference; fileEncoding = 4; lastKnownFileType = sourcecode.c.h; path = TKPassCodeField.h; sourceTree = "<group>"; };
		442A943B1B5FD92B00C07A4F /* TKPassCodeField.m */ = {isa = PBXFileReference; fileEncoding = 4; lastKnownFileType = sourcecode.c.objc; path = TKPassCodeField.m; sourceTree = "<group>"; };
		442A943D1B5FDACE00C07A4F /* TKPassCodeView.h */ = {isa = PBXFileReference; fileEncoding = 4; lastKnownFileType = sourcecode.c.h; path = TKPassCodeView.h; sourceTree = "<group>"; };
		442A943E1B5FDACE00C07A4F /* TKPassCodeView.m */ = {isa = PBXFileReference; fileEncoding = 4; lastKnownFileType = sourcecode.c.objc; path = TKPassCodeView.m; sourceTree = "<group>"; };
		44384B0A1B572A8600C8E35A /* TKCircularView.h */ = {isa = PBXFileReference; fileEncoding = 4; lastKnownFileType = sourcecode.c.h; path = TKCircularView.h; sourceTree = "<group>"; };
		44384B0B1B572A8600C8E35A /* TKCircularView.m */ = {isa = PBXFileReference; fileEncoding = 4; lastKnownFileType = sourcecode.c.objc; path = TKCircularView.m; sourceTree = "<group>"; };
		443EA0051B594E2800A685CE /* TKMeViewController.h */ = {isa = PBXFileReference; fileEncoding = 4; lastKnownFileType = sourcecode.c.h; path = TKMeViewController.h; sourceTree = "<group>"; };
		443EA0061B594E2800A685CE /* TKMeViewController.m */ = {isa = PBXFileReference; fileEncoding = 4; lastKnownFileType = sourcecode.c.objc; path = TKMeViewController.m; sourceTree = "<group>"; };
		443EA00B1B595BA600A685CE /* TKPageController.h */ = {isa = PBXFileReference; fileEncoding = 4; lastKnownFileType = sourcecode.c.h; path = TKPageController.h; sourceTree = "<group>"; };
		443EA00C1B595BA600A685CE /* TKPageController.m */ = {isa = PBXFileReference; fileEncoding = 4; lastKnownFileType = sourcecode.c.objc; path = TKPageController.m; sourceTree = "<group>"; };
		443EA0141B596AB400A685CE /* TKDashboardView.h */ = {isa = PBXFileReference; fileEncoding = 4; lastKnownFileType = sourcecode.c.h; path = TKDashboardView.h; sourceTree = "<group>"; };
		443EA0151B596AB400A685CE /* TKDashboardView.m */ = {isa = PBXFileReference; fileEncoding = 4; lastKnownFileType = sourcecode.c.objc; path = TKDashboardView.m; sourceTree = "<group>"; };
		4441FA671B5688D100A7B7F9 /* TouchKin.storyboard */ = {isa = PBXFileReference; fileEncoding = 4; lastKnownFileType = file.storyboard; path = TouchKin.storyboard; sourceTree = "<group>"; };
		4441FA9B1B568A0300A7B7F9 /* TKIntroVC.h */ = {isa = PBXFileReference; fileEncoding = 4; lastKnownFileType = sourcecode.c.h; path = TKIntroVC.h; sourceTree = "<group>"; };
		4441FA9C1B568A0300A7B7F9 /* TKIntroVC.m */ = {isa = PBXFileReference; fileEncoding = 4; lastKnownFileType = sourcecode.c.objc; path = TKIntroVC.m; sourceTree = "<group>"; };
		4441FA9E1B568AF000A7B7F9 /* TKRootViewController.h */ = {isa = PBXFileReference; fileEncoding = 4; lastKnownFileType = sourcecode.c.h; path = TKRootViewController.h; sourceTree = "<group>"; };
		4441FA9F1B568AF000A7B7F9 /* TKRootViewController.m */ = {isa = PBXFileReference; fileEncoding = 4; lastKnownFileType = sourcecode.c.objc; path = TKRootViewController.m; sourceTree = "<group>"; };
		4441FAA21B56937000A7B7F9 /* UIColor+Navigation.h */ = {isa = PBXFileReference; fileEncoding = 4; lastKnownFileType = sourcecode.c.h; path = "UIColor+Navigation.h"; sourceTree = "<group>"; };
		4441FAA31B56937000A7B7F9 /* UIColor+Navigation.m */ = {isa = PBXFileReference; fileEncoding = 4; lastKnownFileType = sourcecode.c.objc; path = "UIColor+Navigation.m"; sourceTree = "<group>"; };
		4441FAA61B5694EB00A7B7F9 /* TKNavigationView.h */ = {isa = PBXFileReference; fileEncoding = 4; lastKnownFileType = sourcecode.c.h; path = TKNavigationView.h; sourceTree = "<group>"; };
		4441FAA71B5694EB00A7B7F9 /* TKNavigationView.m */ = {isa = PBXFileReference; fileEncoding = 4; lastKnownFileType = sourcecode.c.objc; path = TKNavigationView.m; sourceTree = "<group>"; };
		4441FAA91B56AB3300A7B7F9 /* TKRegisterVC.h */ = {isa = PBXFileReference; fileEncoding = 4; lastKnownFileType = sourcecode.c.h; path = TKRegisterVC.h; sourceTree = "<group>"; };
		4441FAAA1B56AB3300A7B7F9 /* TKRegisterVC.m */ = {isa = PBXFileReference; fileEncoding = 4; lastKnownFileType = sourcecode.c.objc; path = TKRegisterVC.m; sourceTree = "<group>"; };
		445175541B55DD2D00EDEF97 /* TouchKin.app */ = {isa = PBXFileReference; explicitFileType = wrapper.application; includeInIndex = 0; path = TouchKin.app; sourceTree = BUILT_PRODUCTS_DIR; };
		445175581B55DD2D00EDEF97 /* Info.plist */ = {isa = PBXFileReference; lastKnownFileType = text.plist.xml; path = Info.plist; sourceTree = "<group>"; };
		445175591B55DD2D00EDEF97 /* main.m */ = {isa = PBXFileReference; lastKnownFileType = sourcecode.c.objc; path = main.m; sourceTree = "<group>"; };
		4451755B1B55DD2D00EDEF97 /* AppDelegate.h */ = {isa = PBXFileReference; lastKnownFileType = sourcecode.c.h; path = AppDelegate.h; sourceTree = "<group>"; };
		4451755C1B55DD2D00EDEF97 /* AppDelegate.m */ = {isa = PBXFileReference; lastKnownFileType = sourcecode.c.objc; path = AppDelegate.m; sourceTree = "<group>"; };
		445175641B55DD2D00EDEF97 /* Images.xcassets */ = {isa = PBXFileReference; lastKnownFileType = folder.assetcatalog; path = Images.xcassets; sourceTree = "<group>"; };
		445175671B55DD2D00EDEF97 /* Base */ = {isa = PBXFileReference; lastKnownFileType = file.xib; name = Base; path = Base.lproj/LaunchScreen.xib; sourceTree = "<group>"; };
		4451756D1B55DD2E00EDEF97 /* TouchKinTests.xctest */ = {isa = PBXFileReference; explicitFileType = wrapper.cfbundle; includeInIndex = 0; path = TouchKinTests.xctest; sourceTree = BUILT_PRODUCTS_DIR; };
		445175721B55DD2E00EDEF97 /* Info.plist */ = {isa = PBXFileReference; lastKnownFileType = text.plist.xml; path = Info.plist; sourceTree = "<group>"; };
		445175731B55DD2E00EDEF97 /* TouchKinTests.m */ = {isa = PBXFileReference; lastKnownFileType = sourcecode.c.objc; path = TouchKinTests.m; sourceTree = "<group>"; };
		4451757E1B55DDCE00EDEF97 /* TKLoginVC.h */ = {isa = PBXFileReference; fileEncoding = 4; lastKnownFileType = sourcecode.c.h; path = TKLoginVC.h; sourceTree = "<group>"; };
		4451757F1B55DDCE00EDEF97 /* TKLoginVC.m */ = {isa = PBXFileReference; fileEncoding = 4; lastKnownFileType = sourcecode.c.objc; path = TKLoginVC.m; sourceTree = "<group>"; };
		445175841B55E74100EDEF97 /* MLClient.h */ = {isa = PBXFileReference; fileEncoding = 4; lastKnownFileType = sourcecode.c.h; path = MLClient.h; sourceTree = "<group>"; };
		445175851B55E74100EDEF97 /* MLClient.m */ = {isa = PBXFileReference; fileEncoding = 4; lastKnownFileType = sourcecode.c.objc; path = MLClient.m; sourceTree = "<group>"; };
		445175871B55E7D900EDEF97 /* MLNetworkModel.h */ = {isa = PBXFileReference; fileEncoding = 4; lastKnownFileType = sourcecode.c.h; path = MLNetworkModel.h; sourceTree = "<group>"; };
		445175881B55E7D900EDEF97 /* MLNetworkModel.m */ = {isa = PBXFileReference; fileEncoding = 4; lastKnownFileType = sourcecode.c.objc; path = MLNetworkModel.m; sourceTree = "<group>"; };
		445B02561B5E7E7A004696B3 /* TKDataEngine.h */ = {isa = PBXFileReference; fileEncoding = 4; lastKnownFileType = sourcecode.c.h; path = TKDataEngine.h; sourceTree = "<group>"; };
		445B02571B5E7E7A004696B3 /* TKDataEngine.m */ = {isa = PBXFileReference; fileEncoding = 4; lastKnownFileType = sourcecode.c.objc; path = TKDataEngine.m; sourceTree = "<group>"; };
		445B025A1B5E7F0F004696B3 /* Country.h */ = {isa = PBXFileReference; fileEncoding = 4; lastKnownFileType = sourcecode.c.h; path = Country.h; sourceTree = "<group>"; };
		445B025B1B5E7F0F004696B3 /* Country.m */ = {isa = PBXFileReference; fileEncoding = 4; lastKnownFileType = sourcecode.c.objc; path = Country.m; sourceTree = "<group>"; };
		445B025D1B5E7F7F004696B3 /* countries.json */ = {isa = PBXFileReference; fileEncoding = 4; lastKnownFileType = text.json; path = countries.json; sourceTree = "<group>"; };
		445B02621B5E8198004696B3 /* TKCountryVC.h */ = {isa = PBXFileReference; fileEncoding = 4; lastKnownFileType = sourcecode.c.h; path = TKCountryVC.h; sourceTree = "<group>"; };
		445B02631B5E8198004696B3 /* TKCountryVC.m */ = {isa = PBXFileReference; fileEncoding = 4; lastKnownFileType = sourcecode.c.objc; path = TKCountryVC.m; sourceTree = "<group>"; };
		44675E8C1B6A8A98003B0F9F /* TKSplitView.h */ = {isa = PBXFileReference; fileEncoding = 4; lastKnownFileType = sourcecode.c.h; path = TKSplitView.h; sourceTree = "<group>"; };
		44675E8F1B6A92A9003B0F9F /* TKSplitView.m */ = {isa = PBXFileReference; fileEncoding = 4; lastKnownFileType = sourcecode.c.objc; path = TKSplitView.m; sourceTree = "<group>"; };
		44675E911B6A92CE003B0F9F /* TKGradientCircularView.m */ = {isa = PBXFileReference; fileEncoding = 4; lastKnownFileType = sourcecode.c.objc; path = TKGradientCircularView.m; sourceTree = "<group>"; };
		44724D6D1B65128400B56851 /* RGCardViewLayout.h */ = {isa = PBXFileReference; fileEncoding = 4; lastKnownFileType = sourcecode.c.h; path = RGCardViewLayout.h; sourceTree = "<group>"; };
		44724D6E1B65128400B56851 /* RGCardViewLayout.m */ = {isa = PBXFileReference; fileEncoding = 4; lastKnownFileType = sourcecode.c.objc; path = RGCardViewLayout.m; sourceTree = "<group>"; };
		44724D701B6512B100B56851 /* TKKinBookCollectionCell.h */ = {isa = PBXFileReference; fileEncoding = 4; lastKnownFileType = sourcecode.c.h; path = TKKinBookCollectionCell.h; sourceTree = "<group>"; };
		44724D711B6512B100B56851 /* TKKinBookCollectionCell.m */ = {isa = PBXFileReference; fileEncoding = 4; lastKnownFileType = sourcecode.c.objc; path = TKKinBookCollectionCell.m; sourceTree = "<group>"; };
		447F83D01B67CCD7006B2839 /* TKNetworkManager.h */ = {isa = PBXFileReference; fileEncoding = 4; lastKnownFileType = sourcecode.c.h; path = TKNetworkManager.h; sourceTree = "<group>"; };
		447F83D11B67CCD7006B2839 /* TKNetworkManager.m */ = {isa = PBXFileReference; fileEncoding = 4; lastKnownFileType = sourcecode.c.objc; path = TKNetworkManager.m; sourceTree = "<group>"; };
		447F83D31B67D212006B2839 /* TKProfileVC.h */ = {isa = PBXFileReference; fileEncoding = 4; lastKnownFileType = sourcecode.c.h; path = TKProfileVC.h; sourceTree = "<group>"; };
		447F83D41B67D212006B2839 /* TKProfileVC.m */ = {isa = PBXFileReference; fileEncoding = 4; lastKnownFileType = sourcecode.c.objc; path = TKProfileVC.m; sourceTree = "<group>"; };
		448E3B771B6675C500666602 /* PSLocationManager.h */ = {isa = PBXFileReference; fileEncoding = 4; lastKnownFileType = sourcecode.c.h; path = PSLocationManager.h; sourceTree = "<group>"; };
		448E3B781B6675C500666602 /* PSLocationManager.m */ = {isa = PBXFileReference; fileEncoding = 4; lastKnownFileType = sourcecode.c.objc; path = PSLocationManager.m; sourceTree = "<group>"; };
		448FE9D61B6AF38E004397FB /* TKContactVC.h */ = {isa = PBXFileReference; fileEncoding = 4; lastKnownFileType = sourcecode.c.h; path = TKContactVC.h; sourceTree = "<group>"; };
		448FE9D71B6AF38E004397FB /* TKContactVC.m */ = {isa = PBXFileReference; fileEncoding = 4; lastKnownFileType = sourcecode.c.objc; path = TKContactVC.m; sourceTree = "<group>"; };
		448FE9D91B6AF642004397FB /* TKContactCell.h */ = {isa = PBXFileReference; fileEncoding = 4; lastKnownFileType = sourcecode.c.h; path = TKContactCell.h; sourceTree = "<group>"; };
		448FE9DA1B6AF642004397FB /* TKContactCell.m */ = {isa = PBXFileReference; fileEncoding = 4; lastKnownFileType = sourcecode.c.objc; path = TKContactCell.m; sourceTree = "<group>"; };
		449013641B5A2CC4007B312C /* Define.h */ = {isa = PBXFileReference; lastKnownFileType = sourcecode.c.h; path = Define.h; sourceTree = "<group>"; };
		449013681B5A4D01007B312C /* TKMyFamilyCollectionCell.h */ = {isa = PBXFileReference; fileEncoding = 4; lastKnownFileType = sourcecode.c.h; path = TKMyFamilyCollectionCell.h; sourceTree = "<group>"; };
		449013691B5A4D01007B312C /* TKMyFamilyCollectionCell.m */ = {isa = PBXFileReference; fileEncoding = 4; lastKnownFileType = sourcecode.c.objc; path = TKMyFamilyCollectionCell.m; sourceTree = "<group>"; };
		4490136B1B5A4D23007B312C /* TKMyFamilyRequestCell.h */ = {isa = PBXFileReference; fileEncoding = 4; lastKnownFileType = sourcecode.c.h; path = TKMyFamilyRequestCell.h; sourceTree = "<group>"; };
		4490136C1B5A4D23007B312C /* TKMyFamilyRequestCell.m */ = {isa = PBXFileReference; fileEncoding = 4; lastKnownFileType = sourcecode.c.objc; path = TKMyFamilyRequestCell.m; sourceTree = "<group>"; };
		4490136E1B5A4F9D007B312C /* TKMyFamilyVC.h */ = {isa = PBXFileReference; fileEncoding = 4; lastKnownFileType = sourcecode.c.h; path = TKMyFamilyVC.h; sourceTree = "<group>"; };
		4490136F1B5A4F9D007B312C /* TKMyFamilyVC.m */ = {isa = PBXFileReference; fileEncoding = 4; lastKnownFileType = sourcecode.c.objc; path = TKMyFamilyVC.m; sourceTree = "<group>"; };
		44911C7D1B6A7A5B0070E327 /* TKGradientCircularView.h */ = {isa = PBXFileReference; fileEncoding = 4; lastKnownFileType = sourcecode.c.h; path = TKGradientCircularView.h; sourceTree = "<group>"; };
		44A58A001B627C98001742D8 /* MyConnection.h */ = {isa = PBXFileReference; fileEncoding = 4; lastKnownFileType = sourcecode.c.h; path = MyConnection.h; sourceTree = "<group>"; };
		44A58A011B627C98001742D8 /* MyConnection.m */ = {isa = PBXFileReference; fileEncoding = 4; lastKnownFileType = sourcecode.c.objc; path = MyConnection.m; sourceTree = "<group>"; };
		44A58A031B627EB9001742D8 /* MyHomeLocation.h */ = {isa = PBXFileReference; fileEncoding = 4; lastKnownFileType = sourcecode.c.h; path = MyHomeLocation.h; sourceTree = "<group>"; };
		44A58A041B627EB9001742D8 /* MyHomeLocation.m */ = {isa = PBXFileReference; fileEncoding = 4; lastKnownFileType = sourcecode.c.objc; path = MyHomeLocation.m; sourceTree = "<group>"; };
		44A58A061B62839D001742D8 /* MyCircle.h */ = {isa = PBXFileReference; fileEncoding = 4; lastKnownFileType = sourcecode.c.h; path = MyCircle.h; sourceTree = "<group>"; };
		44A58A071B62839D001742D8 /* MyCircle.m */ = {isa = PBXFileReference; fileEncoding = 4; lastKnownFileType = sourcecode.c.objc; path = MyCircle.m; sourceTree = "<group>"; };
		44A58A091B628900001742D8 /* OthersCircle.h */ = {isa = PBXFileReference; fileEncoding = 4; lastKnownFileType = sourcecode.c.h; path = OthersCircle.h; sourceTree = "<group>"; };
		44A58A0A1B628900001742D8 /* OthersCircle.m */ = {isa = PBXFileReference; fileEncoding = 4; lastKnownFileType = sourcecode.c.objc; path = OthersCircle.m; sourceTree = "<group>"; };
		44A58A0D1B628E6E001742D8 /* MKAnnotationView+WebCache.h */ = {isa = PBXFileReference; fileEncoding = 4; lastKnownFileType = sourcecode.c.h; path = "MKAnnotationView+WebCache.h"; sourceTree = "<group>"; };
		44A58A0E1B628E6E001742D8 /* MKAnnotationView+WebCache.m */ = {isa = PBXFileReference; fileEncoding = 4; lastKnownFileType = sourcecode.c.objc; path = "MKAnnotationView+WebCache.m"; sourceTree = "<group>"; };
		44A58A0F1B628E6E001742D8 /* NSData+ImageContentType.h */ = {isa = PBXFileReference; fileEncoding = 4; lastKnownFileType = sourcecode.c.h; path = "NSData+ImageContentType.h"; sourceTree = "<group>"; };
		44A58A101B628E6E001742D8 /* NSData+ImageContentType.m */ = {isa = PBXFileReference; fileEncoding = 4; lastKnownFileType = sourcecode.c.objc; path = "NSData+ImageContentType.m"; sourceTree = "<group>"; };
		44A58A111B628E6E001742D8 /* SDImageCache.h */ = {isa = PBXFileReference; fileEncoding = 4; lastKnownFileType = sourcecode.c.h; path = SDImageCache.h; sourceTree = "<group>"; };
		44A58A121B628E6E001742D8 /* SDImageCache.m */ = {isa = PBXFileReference; fileEncoding = 4; lastKnownFileType = sourcecode.c.objc; path = SDImageCache.m; sourceTree = "<group>"; };
		44A58A131B628E6E001742D8 /* SDWebImageCompat.h */ = {isa = PBXFileReference; fileEncoding = 4; lastKnownFileType = sourcecode.c.h; path = SDWebImageCompat.h; sourceTree = "<group>"; };
		44A58A141B628E6E001742D8 /* SDWebImageCompat.m */ = {isa = PBXFileReference; fileEncoding = 4; lastKnownFileType = sourcecode.c.objc; path = SDWebImageCompat.m; sourceTree = "<group>"; };
		44A58A151B628E6E001742D8 /* SDWebImageDecoder.h */ = {isa = PBXFileReference; fileEncoding = 4; lastKnownFileType = sourcecode.c.h; path = SDWebImageDecoder.h; sourceTree = "<group>"; };
		44A58A161B628E6F001742D8 /* SDWebImageDecoder.m */ = {isa = PBXFileReference; fileEncoding = 4; lastKnownFileType = sourcecode.c.objc; path = SDWebImageDecoder.m; sourceTree = "<group>"; };
		44A58A171B628E6F001742D8 /* SDWebImageDownloader.h */ = {isa = PBXFileReference; fileEncoding = 4; lastKnownFileType = sourcecode.c.h; path = SDWebImageDownloader.h; sourceTree = "<group>"; };
		44A58A181B628E6F001742D8 /* SDWebImageDownloader.m */ = {isa = PBXFileReference; fileEncoding = 4; lastKnownFileType = sourcecode.c.objc; path = SDWebImageDownloader.m; sourceTree = "<group>"; };
		44A58A191B628E6F001742D8 /* SDWebImageDownloaderOperation.h */ = {isa = PBXFileReference; fileEncoding = 4; lastKnownFileType = sourcecode.c.h; path = SDWebImageDownloaderOperation.h; sourceTree = "<group>"; };
		44A58A1A1B628E6F001742D8 /* SDWebImageDownloaderOperation.m */ = {isa = PBXFileReference; fileEncoding = 4; lastKnownFileType = sourcecode.c.objc; path = SDWebImageDownloaderOperation.m; sourceTree = "<group>"; };
		44A58A1B1B628E6F001742D8 /* SDWebImageManager.h */ = {isa = PBXFileReference; fileEncoding = 4; lastKnownFileType = sourcecode.c.h; path = SDWebImageManager.h; sourceTree = "<group>"; };
		44A58A1C1B628E6F001742D8 /* SDWebImageManager.m */ = {isa = PBXFileReference; fileEncoding = 4; lastKnownFileType = sourcecode.c.objc; path = SDWebImageManager.m; sourceTree = "<group>"; };
		44A58A1D1B628E6F001742D8 /* SDWebImageOperation.h */ = {isa = PBXFileReference; fileEncoding = 4; lastKnownFileType = sourcecode.c.h; path = SDWebImageOperation.h; sourceTree = "<group>"; };
		44A58A1E1B628E6F001742D8 /* SDWebImagePrefetcher.h */ = {isa = PBXFileReference; fileEncoding = 4; lastKnownFileType = sourcecode.c.h; path = SDWebImagePrefetcher.h; sourceTree = "<group>"; };
		44A58A1F1B628E6F001742D8 /* SDWebImagePrefetcher.m */ = {isa = PBXFileReference; fileEncoding = 4; lastKnownFileType = sourcecode.c.objc; path = SDWebImagePrefetcher.m; sourceTree = "<group>"; };
		44A58A201B628E6F001742D8 /* UIButton+WebCache.h */ = {isa = PBXFileReference; fileEncoding = 4; lastKnownFileType = sourcecode.c.h; path = "UIButton+WebCache.h"; sourceTree = "<group>"; };
		44A58A211B628E6F001742D8 /* UIButton+WebCache.m */ = {isa = PBXFileReference; fileEncoding = 4; lastKnownFileType = sourcecode.c.objc; path = "UIButton+WebCache.m"; sourceTree = "<group>"; };
		44A58A221B628E6F001742D8 /* UIImage+GIF.h */ = {isa = PBXFileReference; fileEncoding = 4; lastKnownFileType = sourcecode.c.h; path = "UIImage+GIF.h"; sourceTree = "<group>"; };
		44A58A231B628E6F001742D8 /* UIImage+GIF.m */ = {isa = PBXFileReference; fileEncoding = 4; lastKnownFileType = sourcecode.c.objc; path = "UIImage+GIF.m"; sourceTree = "<group>"; };
		44A58A241B628E6F001742D8 /* UIImage+MultiFormat.h */ = {isa = PBXFileReference; fileEncoding = 4; lastKnownFileType = sourcecode.c.h; path = "UIImage+MultiFormat.h"; sourceTree = "<group>"; };
		44A58A251B628E6F001742D8 /* UIImage+MultiFormat.m */ = {isa = PBXFileReference; fileEncoding = 4; lastKnownFileType = sourcecode.c.objc; path = "UIImage+MultiFormat.m"; sourceTree = "<group>"; };
		44A58A261B628E6F001742D8 /* UIImage+WebP.h */ = {isa = PBXFileReference; fileEncoding = 4; lastKnownFileType = sourcecode.c.h; path = "UIImage+WebP.h"; sourceTree = "<group>"; };
		44A58A271B628E6F001742D8 /* UIImage+WebP.m */ = {isa = PBXFileReference; fileEncoding = 4; lastKnownFileType = sourcecode.c.objc; path = "UIImage+WebP.m"; sourceTree = "<group>"; };
		44A58A281B628E6F001742D8 /* UIImageView+HighlightedWebCache.h */ = {isa = PBXFileReference; fileEncoding = 4; lastKnownFileType = sourcecode.c.h; path = "UIImageView+HighlightedWebCache.h"; sourceTree = "<group>"; };
		44A58A291B628E6F001742D8 /* UIImageView+HighlightedWebCache.m */ = {isa = PBXFileReference; fileEncoding = 4; lastKnownFileType = sourcecode.c.objc; path = "UIImageView+HighlightedWebCache.m"; sourceTree = "<group>"; };
		44A58A2A1B628E6F001742D8 /* UIImageView+WebCache.h */ = {isa = PBXFileReference; fileEncoding = 4; lastKnownFileType = sourcecode.c.h; path = "UIImageView+WebCache.h"; sourceTree = "<group>"; };
		44A58A2B1B628E6F001742D8 /* UIImageView+WebCache.m */ = {isa = PBXFileReference; fileEncoding = 4; lastKnownFileType = sourcecode.c.objc; path = "UIImageView+WebCache.m"; sourceTree = "<group>"; };
		44A58A2C1B628E6F001742D8 /* UIWebView+WebCache.h */ = {isa = PBXFileReference; fileEncoding = 4; lastKnownFileType = sourcecode.c.h; path = "UIWebView+WebCache.h"; sourceTree = "<group>"; };
		44A58A2D1B628E6F001742D8 /* UIWebView+WebCache.m */ = {isa = PBXFileReference; fileEncoding = 4; lastKnownFileType = sourcecode.c.objc; path = "UIWebView+WebCache.m"; sourceTree = "<group>"; };
		44A925161B64C71F002D2A11 /* MapKit.framework */ = {isa = PBXFileReference; lastKnownFileType = wrapper.framework; name = MapKit.framework; path = System/Library/Frameworks/MapKit.framework; sourceTree = SDKROOT; };
		44A925181B64C903002D2A11 /* CoreLocation.framework */ = {isa = PBXFileReference; lastKnownFileType = wrapper.framework; name = CoreLocation.framework; path = System/Library/Frameworks/CoreLocation.framework; sourceTree = SDKROOT; };
		44A9251A1B64D843002D2A11 /* MapViewController.h */ = {isa = PBXFileReference; fileEncoding = 4; lastKnownFileType = sourcecode.c.h; path = MapViewController.h; sourceTree = "<group>"; };
		44A9251B1B64D843002D2A11 /* MapViewController.m */ = {isa = PBXFileReference; fileEncoding = 4; lastKnownFileType = sourcecode.c.objc; path = MapViewController.m; sourceTree = "<group>"; };
		44C9DB061B588ABA00714340 /* TKHomeBaseController.h */ = {isa = PBXFileReference; fileEncoding = 4; lastKnownFileType = sourcecode.c.h; path = TKHomeBaseController.h; sourceTree = "<group>"; };
		44C9DB071B588ABA00714340 /* TKHomeBaseController.m */ = {isa = PBXFileReference; fileEncoding = 4; lastKnownFileType = sourcecode.c.objc; path = TKHomeBaseController.m; sourceTree = "<group>"; };
		44C9DB091B588B3300714340 /* TKHomeBaseNavigationView.h */ = {isa = PBXFileReference; fileEncoding = 4; lastKnownFileType = sourcecode.c.h; path = TKHomeBaseNavigationView.h; sourceTree = "<group>"; };
		44C9DB0A1B588B3300714340 /* TKHomeBaseNavigationView.m */ = {isa = PBXFileReference; fileEncoding = 4; lastKnownFileType = sourcecode.c.objc; path = TKHomeBaseNavigationView.m; sourceTree = "<group>"; };
		44C9DB0C1B588B4E00714340 /* TKHomeBaseNavigationView.xib */ = {isa = PBXFileReference; fileEncoding = 4; lastKnownFileType = file.xib; path = TKHomeBaseNavigationView.xib; sourceTree = "<group>"; };
		44C9DB0E1B588E8400714340 /* TKHeaderTitleView.h */ = {isa = PBXFileReference; fileEncoding = 4; lastKnownFileType = sourcecode.c.h; path = TKHeaderTitleView.h; sourceTree = "<group>"; };
		44C9DB0F1B588E8400714340 /* TKHeaderTitleView.m */ = {isa = PBXFileReference; fileEncoding = 4; lastKnownFileType = sourcecode.c.objc; path = TKHeaderTitleView.m; sourceTree = "<group>"; };
		44C9DB111B5892A200714340 /* TKKinBookVC.h */ = {isa = PBXFileReference; fileEncoding = 4; lastKnownFileType = sourcecode.c.h; name = TKKinBookVC.h; path = ../TKKinBookVC.h; sourceTree = "<group>"; };
		44C9DB121B5892A200714340 /* TKKinBookVC.m */ = {isa = PBXFileReference; fileEncoding = 4; lastKnownFileType = sourcecode.c.objc; name = TKKinBookVC.m; path = ../TKKinBookVC.m; sourceTree = "<group>"; };
		44EA49971B59D5FE0027C368 /* SystemConfiguration.framework */ = {isa = PBXFileReference; lastKnownFileType = wrapper.framework; name = SystemConfiguration.framework; path = System/Library/Frameworks/SystemConfiguration.framework; sourceTree = SDKROOT; };
		44EA49991B59D6C70027C368 /* Foundation.framework */ = {isa = PBXFileReference; lastKnownFileType = wrapper.framework; name = Foundation.framework; path = System/Library/Frameworks/Foundation.framework; sourceTree = SDKROOT; };
		44EA499B1B59D7420027C368 /* Reachability.h */ = {isa = PBXFileReference; fileEncoding = 4; lastKnownFileType = sourcecode.c.h; path = Reachability.h; sourceTree = "<group>"; };
		44EA499C1B59D7420027C368 /* Reachability.m */ = {isa = PBXFileReference; fileEncoding = 4; lastKnownFileType = sourcecode.c.objc; path = Reachability.m; sourceTree = "<group>"; };
		44EA49A11B59F0E50027C368 /* TKMyConnectionCell.h */ = {isa = PBXFileReference; fileEncoding = 4; lastKnownFileType = sourcecode.c.h; path = TKMyConnectionCell.h; sourceTree = "<group>"; };
		44EA49A21B59F0E50027C368 /* TKMyConnectionCell.m */ = {isa = PBXFileReference; fileEncoding = 4; lastKnownFileType = sourcecode.c.objc; path = TKMyConnectionCell.m; sourceTree = "<group>"; };
		44EA49A31B59F0E50027C368 /* TKMyConnectionCell.xib */ = {isa = PBXFileReference; fileEncoding = 4; lastKnownFileType = file.xib; path = TKMyConnectionCell.xib; sourceTree = "<group>"; };
/* End PBXFileReference section */

/* Begin PBXFrameworksBuildPhase section */
		445175511B55DD2D00EDEF97 /* Frameworks */ = {
			isa = PBXFrameworksBuildPhase;
			buildActionMask = 2147483647;
			files = (
				4414D8951B6919E700363447 /* AddressBook.framework in Frameworks */,
				44A925191B64C903002D2A11 /* CoreLocation.framework in Frameworks */,
				44A925171B64C71F002D2A11 /* MapKit.framework in Frameworks */,
				44091E651B5C8FBF008BB282 /* CoreTelephony.framework in Frameworks */,
				44EA499A1B59D6C70027C368 /* Foundation.framework in Frameworks */,
				44EA49981B59D5FE0027C368 /* SystemConfiguration.framework in Frameworks */,
			);
			runOnlyForDeploymentPostprocessing = 0;
		};
		4451756A1B55DD2E00EDEF97 /* Frameworks */ = {
			isa = PBXFrameworksBuildPhase;
			buildActionMask = 2147483647;
			files = (
			);
			runOnlyForDeploymentPostprocessing = 0;
		};
/* End PBXFrameworksBuildPhase section */

/* Begin PBXGroup section */
		4403D4DB1B61BF5C006000B8 /* MLImagePicker */ = {
			isa = PBXGroup;
			children = (
				4403D4DC1B61BF5C006000B8 /* YLImageEditorVC.h */,
				4403D4DD1B61BF5C006000B8 /* YLImageEditorVC.m */,
				4403D4DE1B61BF5C006000B8 /* YLImagePickerController.h */,
				4403D4DF1B61BF5C006000B8 /* YLImagePickerController.m */,
			);
			name = MLImagePicker;
			path = YMLImagePicker;
			sourceTree = "<group>";
		};
		441382741B58040C00DFB0BC /* Custom Cell */ = {
			isa = PBXGroup;
			children = (
				441382751B58042D00DFB0BC /* TKMenuCell.h */,
				441382761B58042D00DFB0BC /* TKMenuCell.m */,
				44EA49A11B59F0E50027C368 /* TKMyConnectionCell.h */,
				44EA49A21B59F0E50027C368 /* TKMyConnectionCell.m */,
				44EA49A31B59F0E50027C368 /* TKMyConnectionCell.xib */,
				449013681B5A4D01007B312C /* TKMyFamilyCollectionCell.h */,
				449013691B5A4D01007B312C /* TKMyFamilyCollectionCell.m */,
				4490136B1B5A4D23007B312C /* TKMyFamilyRequestCell.h */,
				4490136C1B5A4D23007B312C /* TKMyFamilyRequestCell.m */,
				44724D701B6512B100B56851 /* TKKinBookCollectionCell.h */,
				44724D711B6512B100B56851 /* TKKinBookCollectionCell.m */,
				448FE9D91B6AF642004397FB /* TKContactCell.h */,
				448FE9DA1B6AF642004397FB /* TKContactCell.m */,
			);
			path = "Custom Cell";
			sourceTree = "<group>";
		};
		4414D88D1B6919D600363447 /* PhoneContact */ = {
			isa = PBXGroup;
			children = (
				4414D88E1B6919D600363447 /* PhoneContact.h */,
				4414D88F1B6919D600363447 /* PhoneContact.m */,
				4414D8901B6919D600363447 /* YMLPhoneContactPerson.h */,
				4414D8911B6919D600363447 /* YMLPhoneContactPerson.m */,
			);
			path = PhoneContact;
			sourceTree = "<group>";
		};
		442A94391B5FD90700C07A4F /* Passcode */ = {
			isa = PBXGroup;
			children = (
				442A943A1B5FD92B00C07A4F /* TKPassCodeField.h */,
				442A943B1B5FD92B00C07A4F /* TKPassCodeField.m */,
			);
			path = Passcode;
			sourceTree = "<group>";
		};
		4441FAA11B5692AA00A7B7F9 /* Utilities */ = {
			isa = PBXGroup;
			children = (
				4414D88D1B6919D600363447 /* PhoneContact */,
				448E3B771B6675C500666602 /* PSLocationManager.h */,
				448E3B781B6675C500666602 /* PSLocationManager.m */,
				44A58A0C1B628E6E001742D8 /* SDWebImage */,
				445B025D1B5E7F7F004696B3 /* countries.json */,
				44EA499B1B59D7420027C368 /* Reachability.h */,
				44EA499C1B59D7420027C368 /* Reachability.m */,
				4441FAA21B56937000A7B7F9 /* UIColor+Navigation.h */,
				4441FAA31B56937000A7B7F9 /* UIColor+Navigation.m */,
				449013641B5A2CC4007B312C /* Define.h */,
				44091E611B5C8A83008BB282 /* UILabel+Attribute.h */,
				44091E621B5C8A83008BB282 /* UILabel+Attribute.m */,
				445B02561B5E7E7A004696B3 /* TKDataEngine.h */,
				445B02571B5E7E7A004696B3 /* TKDataEngine.m */,
			);
			path = Utilities;
			sourceTree = "<group>";
		};
		4441FAA51B5694BD00A7B7F9 /* View */ = {
			isa = PBXGroup;
			children = (
				442A94391B5FD90700C07A4F /* Passcode */,
				4441FAA61B5694EB00A7B7F9 /* TKNavigationView.h */,
				4441FAA71B5694EB00A7B7F9 /* TKNavigationView.m */,
				44384B0A1B572A8600C8E35A /* TKCircularView.h */,
				44384B0B1B572A8600C8E35A /* TKCircularView.m */,
				44675E8C1B6A8A98003B0F9F /* TKSplitView.h */,
				44675E8F1B6A92A9003B0F9F /* TKSplitView.m */,
				44911C7D1B6A7A5B0070E327 /* TKGradientCircularView.h */,
				44675E911B6A92CE003B0F9F /* TKGradientCircularView.m */,
				4413826E1B57FAD300DFB0BC /* TKSideMenuView.h */,
				4413826F1B57FAD300DFB0BC /* TKSideMenuView.m */,
				44C9DB091B588B3300714340 /* TKHomeBaseNavigationView.h */,
				44C9DB0A1B588B3300714340 /* TKHomeBaseNavigationView.m */,
				44C9DB0C1B588B4E00714340 /* TKHomeBaseNavigationView.xib */,
				44C9DB0E1B588E8400714340 /* TKHeaderTitleView.h */,
				44C9DB0F1B588E8400714340 /* TKHeaderTitleView.m */,
				443EA0141B596AB400A685CE /* TKDashboardView.h */,
				443EA0151B596AB400A685CE /* TKDashboardView.m */,
				442A943D1B5FDACE00C07A4F /* TKPassCodeView.h */,
				442A943E1B5FDACE00C07A4F /* TKPassCodeView.m */,
			);
			path = View;
			sourceTree = "<group>";
		};
		4451754B1B55DD2D00EDEF97 = {
			isa = PBXGroup;
			children = (
				4414D8941B6919E700363447 /* AddressBook.framework */,
				44A925181B64C903002D2A11 /* CoreLocation.framework */,
				44A925161B64C71F002D2A11 /* MapKit.framework */,
				44091E641B5C8FBF008BB282 /* CoreTelephony.framework */,
				44EA49991B59D6C70027C368 /* Foundation.framework */,
				44EA49971B59D5FE0027C368 /* SystemConfiguration.framework */,
				445175561B55DD2D00EDEF97 /* TouchKin */,
				445175701B55DD2E00EDEF97 /* TouchKinTests */,
				445175551B55DD2D00EDEF97 /* Products */,
			);
			sourceTree = "<group>";
		};
		445175551B55DD2D00EDEF97 /* Products */ = {
			isa = PBXGroup;
			children = (
				445175541B55DD2D00EDEF97 /* TouchKin.app */,
				4451756D1B55DD2E00EDEF97 /* TouchKinTests.xctest */,
			);
			name = Products;
			sourceTree = "<group>";
		};
		445175561B55DD2D00EDEF97 /* TouchKin */ = {
			isa = PBXGroup;
			children = (
				4403D4DB1B61BF5C006000B8 /* MLImagePicker */,
				445B02591B5E7EFA004696B3 /* Model */,
				441382741B58040C00DFB0BC /* Custom Cell */,
				4441FAA51B5694BD00A7B7F9 /* View */,
				4441FAA11B5692AA00A7B7F9 /* Utilities */,
				445175831B55E71300EDEF97 /* Services */,
				4451757D1B55DDAD00EDEF97 /* Controllers */,
				4451755B1B55DD2D00EDEF97 /* AppDelegate.h */,
				4451755C1B55DD2D00EDEF97 /* AppDelegate.m */,
				441382711B57FC2F00DFB0BC /* TKBaseViewController.h */,
				441382721B57FC2F00DFB0BC /* TKBaseViewController.m */,
				4441FA9E1B568AF000A7B7F9 /* TKRootViewController.h */,
				4441FA9F1B568AF000A7B7F9 /* TKRootViewController.m */,
				4441FA671B5688D100A7B7F9 /* TouchKin.storyboard */,
				445175641B55DD2D00EDEF97 /* Images.xcassets */,
				445175661B55DD2D00EDEF97 /* LaunchScreen.xib */,
				445175571B55DD2D00EDEF97 /* Supporting Files */,
			);
			path = TouchKin;
			sourceTree = "<group>";
		};
		445175571B55DD2D00EDEF97 /* Supporting Files */ = {
			isa = PBXGroup;
			children = (
				445175581B55DD2D00EDEF97 /* Info.plist */,
				445175591B55DD2D00EDEF97 /* main.m */,
			);
			name = "Supporting Files";
			sourceTree = "<group>";
		};
		445175701B55DD2E00EDEF97 /* TouchKinTests */ = {
			isa = PBXGroup;
			children = (
				445175731B55DD2E00EDEF97 /* TouchKinTests.m */,
				445175711B55DD2E00EDEF97 /* Supporting Files */,
			);
			path = TouchKinTests;
			sourceTree = "<group>";
		};
		445175711B55DD2E00EDEF97 /* Supporting Files */ = {
			isa = PBXGroup;
			children = (
				445175721B55DD2E00EDEF97 /* Info.plist */,
			);
			name = "Supporting Files";
			sourceTree = "<group>";
		};
		4451757D1B55DDAD00EDEF97 /* Controllers */ = {
			isa = PBXGroup;
			children = (
				44724D6C1B65126100B56851 /* KinBook */,
				4451757E1B55DDCE00EDEF97 /* TKLoginVC.h */,
				4451757F1B55DDCE00EDEF97 /* TKLoginVC.m */,
				4441FA9B1B568A0300A7B7F9 /* TKIntroVC.h */,
				4441FA9C1B568A0300A7B7F9 /* TKIntroVC.m */,
				4441FAA91B56AB3300A7B7F9 /* TKRegisterVC.h */,
				4441FAAA1B56AB3300A7B7F9 /* TKRegisterVC.m */,
				44C9DB061B588ABA00714340 /* TKHomeBaseController.h */,
				44C9DB071B588ABA00714340 /* TKHomeBaseController.m */,
				443EA0051B594E2800A685CE /* TKMeViewController.h */,
				443EA0061B594E2800A685CE /* TKMeViewController.m */,
				443EA00B1B595BA600A685CE /* TKPageController.h */,
				443EA00C1B595BA600A685CE /* TKPageController.m */,
				4490136E1B5A4F9D007B312C /* TKMyFamilyVC.h */,
				4490136F1B5A4F9D007B312C /* TKMyFamilyVC.m */,
				445B02621B5E8198004696B3 /* TKCountryVC.h */,
				445B02631B5E8198004696B3 /* TKCountryVC.m */,
				44A9251A1B64D843002D2A11 /* MapViewController.h */,
				44A9251B1B64D843002D2A11 /* MapViewController.m */,
				447F83D31B67D212006B2839 /* TKProfileVC.h */,
				447F83D41B67D212006B2839 /* TKProfileVC.m */,
				4414D88A1B6913F100363447 /* TKAddNewVC.h */,
				4414D88B1B6913F100363447 /* TKAddNewVC.m */,
				448FE9D61B6AF38E004397FB /* TKContactVC.h */,
				448FE9D71B6AF38E004397FB /* TKContactVC.m */,
			);
			path = Controllers;
			sourceTree = "<group>";
		};
		445175831B55E71300EDEF97 /* Services */ = {
			isa = PBXGroup;
			children = (
				445175841B55E74100EDEF97 /* MLClient.h */,
				445175851B55E74100EDEF97 /* MLClient.m */,
				445175871B55E7D900EDEF97 /* MLNetworkModel.h */,
				445175881B55E7D900EDEF97 /* MLNetworkModel.m */,
				447F83D01B67CCD7006B2839 /* TKNetworkManager.h */,
				447F83D11B67CCD7006B2839 /* TKNetworkManager.m */,
			);
			path = Services;
			sourceTree = "<group>";
		};
		445B02591B5E7EFA004696B3 /* Model */ = {
			isa = PBXGroup;
			children = (
				445B025A1B5E7F0F004696B3 /* Country.h */,
				445B025B1B5E7F0F004696B3 /* Country.m */,
				44A58A061B62839D001742D8 /* MyCircle.h */,
				44A58A071B62839D001742D8 /* MyCircle.m */,
				44A58A091B628900001742D8 /* OthersCircle.h */,
				44A58A0A1B628900001742D8 /* OthersCircle.m */,
				44A58A001B627C98001742D8 /* MyConnection.h */,
				44A58A011B627C98001742D8 /* MyConnection.m */,
				44A58A031B627EB9001742D8 /* MyHomeLocation.h */,
				44A58A041B627EB9001742D8 /* MyHomeLocation.m */,
			);
			path = Model;
			sourceTree = "<group>";
		};
		44724D6C1B65126100B56851 /* KinBook */ = {
			isa = PBXGroup;
			children = (
				44724D6D1B65128400B56851 /* RGCardViewLayout.h */,
				44724D6E1B65128400B56851 /* RGCardViewLayout.m */,
				44C9DB111B5892A200714340 /* TKKinBookVC.h */,
				44C9DB121B5892A200714340 /* TKKinBookVC.m */,
			);
			path = KinBook;
			sourceTree = "<group>";
		};
		44A58A0C1B628E6E001742D8 /* SDWebImage */ = {
			isa = PBXGroup;
			children = (
				44A58A0D1B628E6E001742D8 /* MKAnnotationView+WebCache.h */,
				44A58A0E1B628E6E001742D8 /* MKAnnotationView+WebCache.m */,
				44A58A0F1B628E6E001742D8 /* NSData+ImageContentType.h */,
				44A58A101B628E6E001742D8 /* NSData+ImageContentType.m */,
				44A58A111B628E6E001742D8 /* SDImageCache.h */,
				44A58A121B628E6E001742D8 /* SDImageCache.m */,
				44A58A131B628E6E001742D8 /* SDWebImageCompat.h */,
				44A58A141B628E6E001742D8 /* SDWebImageCompat.m */,
				44A58A151B628E6E001742D8 /* SDWebImageDecoder.h */,
				44A58A161B628E6F001742D8 /* SDWebImageDecoder.m */,
				44A58A171B628E6F001742D8 /* SDWebImageDownloader.h */,
				44A58A181B628E6F001742D8 /* SDWebImageDownloader.m */,
				44A58A191B628E6F001742D8 /* SDWebImageDownloaderOperation.h */,
				44A58A1A1B628E6F001742D8 /* SDWebImageDownloaderOperation.m */,
				44A58A1B1B628E6F001742D8 /* SDWebImageManager.h */,
				44A58A1C1B628E6F001742D8 /* SDWebImageManager.m */,
				44A58A1D1B628E6F001742D8 /* SDWebImageOperation.h */,
				44A58A1E1B628E6F001742D8 /* SDWebImagePrefetcher.h */,
				44A58A1F1B628E6F001742D8 /* SDWebImagePrefetcher.m */,
				44A58A201B628E6F001742D8 /* UIButton+WebCache.h */,
				44A58A211B628E6F001742D8 /* UIButton+WebCache.m */,
				44A58A221B628E6F001742D8 /* UIImage+GIF.h */,
				44A58A231B628E6F001742D8 /* UIImage+GIF.m */,
				44A58A241B628E6F001742D8 /* UIImage+MultiFormat.h */,
				44A58A251B628E6F001742D8 /* UIImage+MultiFormat.m */,
				44A58A261B628E6F001742D8 /* UIImage+WebP.h */,
				44A58A271B628E6F001742D8 /* UIImage+WebP.m */,
				44A58A281B628E6F001742D8 /* UIImageView+HighlightedWebCache.h */,
				44A58A291B628E6F001742D8 /* UIImageView+HighlightedWebCache.m */,
				44A58A2A1B628E6F001742D8 /* UIImageView+WebCache.h */,
				44A58A2B1B628E6F001742D8 /* UIImageView+WebCache.m */,
				44A58A2C1B628E6F001742D8 /* UIWebView+WebCache.h */,
				44A58A2D1B628E6F001742D8 /* UIWebView+WebCache.m */,
			);
			path = SDWebImage;
			sourceTree = "<group>";
		};
/* End PBXGroup section */

/* Begin PBXNativeTarget section */
		445175531B55DD2D00EDEF97 /* TouchKin */ = {
			isa = PBXNativeTarget;
			buildConfigurationList = 445175771B55DD2E00EDEF97 /* Build configuration list for PBXNativeTarget "TouchKin" */;
			buildPhases = (
				445175501B55DD2D00EDEF97 /* Sources */,
				445175511B55DD2D00EDEF97 /* Frameworks */,
				445175521B55DD2D00EDEF97 /* Resources */,
			);
			buildRules = (
			);
			dependencies = (
			);
			name = TouchKin;
			productName = TouchKin;
			productReference = 445175541B55DD2D00EDEF97 /* TouchKin.app */;
			productType = "com.apple.product-type.application";
		};
		4451756C1B55DD2E00EDEF97 /* TouchKinTests */ = {
			isa = PBXNativeTarget;
			buildConfigurationList = 4451757A1B55DD2E00EDEF97 /* Build configuration list for PBXNativeTarget "TouchKinTests" */;
			buildPhases = (
				445175691B55DD2E00EDEF97 /* Sources */,
				4451756A1B55DD2E00EDEF97 /* Frameworks */,
				4451756B1B55DD2E00EDEF97 /* Resources */,
			);
			buildRules = (
			);
			dependencies = (
				4451756F1B55DD2E00EDEF97 /* PBXTargetDependency */,
			);
			name = TouchKinTests;
			productName = TouchKinTests;
			productReference = 4451756D1B55DD2E00EDEF97 /* TouchKinTests.xctest */;
			productType = "com.apple.product-type.bundle.unit-test";
		};
/* End PBXNativeTarget section */

/* Begin PBXProject section */
		4451754C1B55DD2D00EDEF97 /* Project object */ = {
			isa = PBXProject;
			attributes = {
				LastUpgradeCheck = 0640;
				ORGANIZATIONNAME = "Anand kumar";
				TargetAttributes = {
					445175531B55DD2D00EDEF97 = {
						CreatedOnToolsVersion = 6.4;
						SystemCapabilities = {
							com.apple.BackgroundModes = {
								enabled = 1;
							};
						};
					};
					4451756C1B55DD2E00EDEF97 = {
						CreatedOnToolsVersion = 6.4;
						TestTargetID = 445175531B55DD2D00EDEF97;
					};
				};
			};
			buildConfigurationList = 4451754F1B55DD2D00EDEF97 /* Build configuration list for PBXProject "TouchKin" */;
			compatibilityVersion = "Xcode 3.2";
			developmentRegion = English;
			hasScannedForEncodings = 0;
			knownRegions = (
				en,
				Base,
			);
			mainGroup = 4451754B1B55DD2D00EDEF97;
			productRefGroup = 445175551B55DD2D00EDEF97 /* Products */;
			projectDirPath = "";
			projectRoot = "";
			targets = (
				445175531B55DD2D00EDEF97 /* TouchKin */,
				4451756C1B55DD2E00EDEF97 /* TouchKinTests */,
			);
		};
/* End PBXProject section */

/* Begin PBXResourcesBuildPhase section */
		445175521B55DD2D00EDEF97 /* Resources */ = {
			isa = PBXResourcesBuildPhase;
			buildActionMask = 2147483647;
			files = (
				445B025E1B5E7F7F004696B3 /* countries.json in Resources */,
				445175681B55DD2D00EDEF97 /* LaunchScreen.xib in Resources */,
				445175651B55DD2D00EDEF97 /* Images.xcassets in Resources */,
				4441FA681B5688D100A7B7F9 /* TouchKin.storyboard in Resources */,
				44EA49A51B59F0E50027C368 /* TKMyConnectionCell.xib in Resources */,
				44C9DB0D1B588B4E00714340 /* TKHomeBaseNavigationView.xib in Resources */,
			);
			runOnlyForDeploymentPostprocessing = 0;
		};
		4451756B1B55DD2E00EDEF97 /* Resources */ = {
			isa = PBXResourcesBuildPhase;
			buildActionMask = 2147483647;
			files = (
			);
			runOnlyForDeploymentPostprocessing = 0;
		};
/* End PBXResourcesBuildPhase section */

/* Begin PBXSourcesBuildPhase section */
		445175501B55DD2D00EDEF97 /* Sources */ = {
			isa = PBXSourcesBuildPhase;
			buildActionMask = 2147483647;
			files = (
				445B02581B5E7E7A004696B3 /* TKDataEngine.m in Sources */,
				447F83D51B67D212006B2839 /* TKProfileVC.m in Sources */,
				448E3B791B6675C500666602 /* PSLocationManager.m in Sources */,
				4414D8931B6919D600363447 /* YMLPhoneContactPerson.m in Sources */,
				4451755D1B55DD2D00EDEF97 /* AppDelegate.m in Sources */,
				4403D4E01B61BF5C006000B8 /* YLImageEditorVC.m in Sources */,
				44A58A021B627C98001742D8 /* MyConnection.m in Sources */,
				44C9DB131B5892A200714340 /* TKKinBookVC.m in Sources */,
				44A58A3D1B628E6F001742D8 /* UIWebView+WebCache.m in Sources */,
				44A58A381B628E6F001742D8 /* UIImage+GIF.m in Sources */,
				4414D8921B6919D600363447 /* PhoneContact.m in Sources */,
				445175861B55E74100EDEF97 /* MLClient.m in Sources */,
				44A58A341B628E6F001742D8 /* SDWebImageDownloaderOperation.m in Sources */,
				4451755A1B55DD2D00EDEF97 /* main.m in Sources */,
				4403D4E11B61BF5C006000B8 /* YLImagePickerController.m in Sources */,
				4490136D1B5A4D23007B312C /* TKMyFamilyRequestCell.m in Sources */,
				44C9DB0B1B588B3300714340 /* TKHomeBaseNavigationView.m in Sources */,
				44A58A2F1B628E6F001742D8 /* NSData+ImageContentType.m in Sources */,
				44724D721B6512B100B56851 /* TKKinBookCollectionCell.m in Sources */,
				44C9DB081B588ABA00714340 /* TKHomeBaseController.m in Sources */,
				44A58A051B627EB9001742D8 /* MyHomeLocation.m in Sources */,
				443EA0161B596AB400A685CE /* TKDashboardView.m in Sources */,
				44724D6F1B65128400B56851 /* RGCardViewLayout.m in Sources */,
				4441FAA01B568AF000A7B7F9 /* TKRootViewController.m in Sources */,
				4441FAA81B5694EB00A7B7F9 /* TKNavigationView.m in Sources */,
				445B025C1B5E7F0F004696B3 /* Country.m in Sources */,
				445175891B55E7D900EDEF97 /* MLNetworkModel.m in Sources */,
				44C9DB101B588E8400714340 /* TKHeaderTitleView.m in Sources */,
				44A58A311B628E6F001742D8 /* SDWebImageCompat.m in Sources */,
				44A58A391B628E6F001742D8 /* UIImage+MultiFormat.m in Sources */,
				44091E631B5C8A83008BB282 /* UILabel+Attribute.m in Sources */,
				44A58A081B62839D001742D8 /* MyCircle.m in Sources */,
				44A58A3A1B628E6F001742D8 /* UIImage+WebP.m in Sources */,
				44A58A351B628E6F001742D8 /* SDWebImageManager.m in Sources */,
				44A58A301B628E6F001742D8 /* SDImageCache.m in Sources */,
				4490136A1B5A4D01007B312C /* TKMyFamilyCollectionCell.m in Sources */,
				44A58A361B628E6F001742D8 /* SDWebImagePrefetcher.m in Sources */,
				4441FA9D1B568A0300A7B7F9 /* TKIntroVC.m in Sources */,
				44A9251C1B64D843002D2A11 /* MapViewController.m in Sources */,
				44675E901B6A92A9003B0F9F /* TKSplitView.m in Sources */,
				443EA0071B594E2800A685CE /* TKMeViewController.m in Sources */,
				44A58A2E1B628E6F001742D8 /* MKAnnotationView+WebCache.m in Sources */,
				44675E921B6A92CE003B0F9F /* TKGradientCircularView.m in Sources */,
				4414D88C1B6913F100363447 /* TKAddNewVC.m in Sources */,
				441382701B57FAD300DFB0BC /* TKSideMenuView.m in Sources */,
				448FE9DB1B6AF642004397FB /* TKContactCell.m in Sources */,
				44EA499D1B59D7420027C368 /* Reachability.m in Sources */,
				448FE9D81B6AF38E004397FB /* TKContactVC.m in Sources */,
				443EA00D1B595BA600A685CE /* TKPageController.m in Sources */,
				44A58A321B628E6F001742D8 /* SDWebImageDecoder.m in Sources */,
				445175811B55DDCE00EDEF97 /* TKLoginVC.m in Sources */,
				44A58A3B1B628E6F001742D8 /* UIImageView+HighlightedWebCache.m in Sources */,
				449013701B5A4F9D007B312C /* TKMyFamilyVC.m in Sources */,
				442A943F1B5FDACE00C07A4F /* TKPassCodeView.m in Sources */,
				44A58A371B628E6F001742D8 /* UIButton+WebCache.m in Sources */,
				44EA49A41B59F0E50027C368 /* TKMyConnectionCell.m in Sources */,
				44A58A3C1B628E6F001742D8 /* UIImageView+WebCache.m in Sources */,
				445B02641B5E8198004696B3 /* TKCountryVC.m in Sources */,
				44A58A331B628E6F001742D8 /* SDWebImageDownloader.m in Sources */,
				4441FAAB1B56AB3300A7B7F9 /* TKRegisterVC.m in Sources */,
				441382731B57FC2F00DFB0BC /* TKBaseViewController.m in Sources */,
				44384B0C1B572A8600C8E35A /* TKCircularView.m in Sources */,
				44A58A0B1B628900001742D8 /* OthersCircle.m in Sources */,
				447F83D21B67CCD7006B2839 /* TKNetworkManager.m in Sources */,
				4441FAA41B56937000A7B7F9 /* UIColor+Navigation.m in Sources */,
				442A943C1B5FD92B00C07A4F /* TKPassCodeField.m in Sources */,
				441382771B58042D00DFB0BC /* TKMenuCell.m in Sources */,
			);
			runOnlyForDeploymentPostprocessing = 0;
		};
		445175691B55DD2E00EDEF97 /* Sources */ = {
			isa = PBXSourcesBuildPhase;
			buildActionMask = 2147483647;
			files = (
				445175741B55DD2E00EDEF97 /* TouchKinTests.m in Sources */,
			);
			runOnlyForDeploymentPostprocessing = 0;
		};
/* End PBXSourcesBuildPhase section */

/* Begin PBXTargetDependency section */
		4451756F1B55DD2E00EDEF97 /* PBXTargetDependency */ = {
			isa = PBXTargetDependency;
			target = 445175531B55DD2D00EDEF97 /* TouchKin */;
			targetProxy = 4451756E1B55DD2E00EDEF97 /* PBXContainerItemProxy */;
		};
/* End PBXTargetDependency section */

/* Begin PBXVariantGroup section */
		445175661B55DD2D00EDEF97 /* LaunchScreen.xib */ = {
			isa = PBXVariantGroup;
			children = (
				445175671B55DD2D00EDEF97 /* Base */,
			);
			name = LaunchScreen.xib;
			sourceTree = "<group>";
		};
/* End PBXVariantGroup section */

/* Begin XCBuildConfiguration section */
		445175751B55DD2E00EDEF97 /* Debug */ = {
			isa = XCBuildConfiguration;
			buildSettings = {
				ALWAYS_SEARCH_USER_PATHS = NO;
				CLANG_CXX_LANGUAGE_STANDARD = "gnu++0x";
				CLANG_CXX_LIBRARY = "libc++";
				CLANG_ENABLE_MODULES = YES;
				CLANG_ENABLE_OBJC_ARC = YES;
				CLANG_WARN_BOOL_CONVERSION = YES;
				CLANG_WARN_CONSTANT_CONVERSION = YES;
				CLANG_WARN_DIRECT_OBJC_ISA_USAGE = YES_ERROR;
				CLANG_WARN_EMPTY_BODY = YES;
				CLANG_WARN_ENUM_CONVERSION = YES;
				CLANG_WARN_INT_CONVERSION = YES;
				CLANG_WARN_OBJC_ROOT_CLASS = YES_ERROR;
				CLANG_WARN_UNREACHABLE_CODE = YES;
				CLANG_WARN__DUPLICATE_METHOD_MATCH = YES;
				"CODE_SIGN_IDENTITY[sdk=iphoneos*]" = "iPhone Developer";
				COPY_PHASE_STRIP = NO;
				DEBUG_INFORMATION_FORMAT = "dwarf-with-dsym";
				ENABLE_STRICT_OBJC_MSGSEND = YES;
				GCC_C_LANGUAGE_STANDARD = gnu99;
				GCC_DYNAMIC_NO_PIC = NO;
				GCC_NO_COMMON_BLOCKS = YES;
				GCC_OPTIMIZATION_LEVEL = 0;
				GCC_PREPROCESSOR_DEFINITIONS = (
					"DEBUG=1",
					"$(inherited)",
				);
				GCC_SYMBOLS_PRIVATE_EXTERN = NO;
				GCC_WARN_64_TO_32_BIT_CONVERSION = YES;
				GCC_WARN_ABOUT_RETURN_TYPE = YES_ERROR;
				GCC_WARN_UNDECLARED_SELECTOR = YES;
				GCC_WARN_UNINITIALIZED_AUTOS = YES_AGGRESSIVE;
				GCC_WARN_UNUSED_FUNCTION = YES;
				GCC_WARN_UNUSED_VARIABLE = YES;
				IPHONEOS_DEPLOYMENT_TARGET = 8.4;
				MTL_ENABLE_DEBUG_INFO = YES;
				ONLY_ACTIVE_ARCH = YES;
				SDKROOT = iphoneos;
			};
			name = Debug;
		};
		445175761B55DD2E00EDEF97 /* Release */ = {
			isa = XCBuildConfiguration;
			buildSettings = {
				ALWAYS_SEARCH_USER_PATHS = NO;
				CLANG_CXX_LANGUAGE_STANDARD = "gnu++0x";
				CLANG_CXX_LIBRARY = "libc++";
				CLANG_ENABLE_MODULES = YES;
				CLANG_ENABLE_OBJC_ARC = YES;
				CLANG_WARN_BOOL_CONVERSION = YES;
				CLANG_WARN_CONSTANT_CONVERSION = YES;
				CLANG_WARN_DIRECT_OBJC_ISA_USAGE = YES_ERROR;
				CLANG_WARN_EMPTY_BODY = YES;
				CLANG_WARN_ENUM_CONVERSION = YES;
				CLANG_WARN_INT_CONVERSION = YES;
				CLANG_WARN_OBJC_ROOT_CLASS = YES_ERROR;
				CLANG_WARN_UNREACHABLE_CODE = YES;
				CLANG_WARN__DUPLICATE_METHOD_MATCH = YES;
				"CODE_SIGN_IDENTITY[sdk=iphoneos*]" = "iPhone Developer";
				COPY_PHASE_STRIP = NO;
				DEBUG_INFORMATION_FORMAT = "dwarf-with-dsym";
				ENABLE_NS_ASSERTIONS = NO;
				ENABLE_STRICT_OBJC_MSGSEND = YES;
				GCC_C_LANGUAGE_STANDARD = gnu99;
				GCC_NO_COMMON_BLOCKS = YES;
				GCC_WARN_64_TO_32_BIT_CONVERSION = YES;
				GCC_WARN_ABOUT_RETURN_TYPE = YES_ERROR;
				GCC_WARN_UNDECLARED_SELECTOR = YES;
				GCC_WARN_UNINITIALIZED_AUTOS = YES_AGGRESSIVE;
				GCC_WARN_UNUSED_FUNCTION = YES;
				GCC_WARN_UNUSED_VARIABLE = YES;
				IPHONEOS_DEPLOYMENT_TARGET = 8.4;
				MTL_ENABLE_DEBUG_INFO = NO;
				SDKROOT = iphoneos;
				VALIDATE_PRODUCT = YES;
			};
			name = Release;
		};
		445175781B55DD2E00EDEF97 /* Debug */ = {
			isa = XCBuildConfiguration;
			buildSettings = {
				ASSETCATALOG_COMPILER_APPICON_NAME = AppIcon;
				CODE_SIGN_IDENTITY = "iPhone Developer: anand kumar (62WJL7AD7N)";
				INFOPLIST_FILE = TouchKin/Info.plist;
				IPHONEOS_DEPLOYMENT_TARGET = 7.0;
				LD_RUNPATH_SEARCH_PATHS = "$(inherited) @executable_path/Frameworks";
				PRODUCT_NAME = "$(TARGET_NAME)";
				PROVISIONING_PROFILE = "6aad2591-7654-4c5c-931f-7e038cd0c273";
			};
			name = Debug;
		};
		445175791B55DD2E00EDEF97 /* Release */ = {
			isa = XCBuildConfiguration;
			buildSettings = {
				ASSETCATALOG_COMPILER_APPICON_NAME = AppIcon;
				CODE_SIGN_IDENTITY = "iPhone Developer: anand kumar (62WJL7AD7N)";
				INFOPLIST_FILE = TouchKin/Info.plist;
				IPHONEOS_DEPLOYMENT_TARGET = 7.0;
				LD_RUNPATH_SEARCH_PATHS = "$(inherited) @executable_path/Frameworks";
				PRODUCT_NAME = "$(TARGET_NAME)";
				PROVISIONING_PROFILE = "6aad2591-7654-4c5c-931f-7e038cd0c273";
			};
			name = Release;
		};
		4451757B1B55DD2E00EDEF97 /* Debug */ = {
			isa = XCBuildConfiguration;
			buildSettings = {
				BUNDLE_LOADER = "$(TEST_HOST)";
				FRAMEWORK_SEARCH_PATHS = (
					"$(SDKROOT)/Developer/Library/Frameworks",
					"$(inherited)",
				);
				GCC_PREPROCESSOR_DEFINITIONS = (
					"DEBUG=1",
					"$(inherited)",
				);
				INFOPLIST_FILE = TouchKinTests/Info.plist;
				LD_RUNPATH_SEARCH_PATHS = "$(inherited) @executable_path/Frameworks @loader_path/Frameworks";
				PRODUCT_NAME = "$(TARGET_NAME)";
				TEST_HOST = "$(BUILT_PRODUCTS_DIR)/TouchKin.app/TouchKin";
			};
			name = Debug;
		};
		4451757C1B55DD2E00EDEF97 /* Release */ = {
			isa = XCBuildConfiguration;
			buildSettings = {
				BUNDLE_LOADER = "$(TEST_HOST)";
				FRAMEWORK_SEARCH_PATHS = (
					"$(SDKROOT)/Developer/Library/Frameworks",
					"$(inherited)",
				);
				INFOPLIST_FILE = TouchKinTests/Info.plist;
				LD_RUNPATH_SEARCH_PATHS = "$(inherited) @executable_path/Frameworks @loader_path/Frameworks";
				PRODUCT_NAME = "$(TARGET_NAME)";
				TEST_HOST = "$(BUILT_PRODUCTS_DIR)/TouchKin.app/TouchKin";
			};
			name = Release;
		};
/* End XCBuildConfiguration section */

/* Begin XCConfigurationList section */
		4451754F1B55DD2D00EDEF97 /* Build configuration list for PBXProject "TouchKin" */ = {
			isa = XCConfigurationList;
			buildConfigurations = (
				445175751B55DD2E00EDEF97 /* Debug */,
				445175761B55DD2E00EDEF97 /* Release */,
			);
			defaultConfigurationIsVisible = 0;
			defaultConfigurationName = Release;
		};
		445175771B55DD2E00EDEF97 /* Build configuration list for PBXNativeTarget "TouchKin" */ = {
			isa = XCConfigurationList;
			buildConfigurations = (
				445175781B55DD2E00EDEF97 /* Debug */,
				445175791B55DD2E00EDEF97 /* Release */,
			);
			defaultConfigurationIsVisible = 0;
			defaultConfigurationName = Release;
		};
		4451757A1B55DD2E00EDEF97 /* Build configuration list for PBXNativeTarget "TouchKinTests" */ = {
			isa = XCConfigurationList;
			buildConfigurations = (
				4451757B1B55DD2E00EDEF97 /* Debug */,
				4451757C1B55DD2E00EDEF97 /* Release */,
			);
			defaultConfigurationIsVisible = 0;
			defaultConfigurationName = Release;
		};
/* End XCConfigurationList section */
	};
	rootObject = 4451754C1B55DD2D00EDEF97 /* Project object */;
}
